<Solution>
  <Folder Name="/Anime.Backend/">
    <Project Path="src/Anime.Database/Anime.Database.csproj" />
    <Project Path="src/Anime.Logging/Anime.Logging.csproj" />
    <Project Path="src/Anime.Server/Anime.Server.csproj" />
  </Folder>
  <Folder Name="/Solution Items/">
    <File Path="compose.yaml" />
  </Folder>
</Solution>
